// !$*UTF8*$!
{
	archiveVersion = 1;
	classes = {
	};
	objectVersion = 46;
	objects = {

/* Begin PBXBuildFile section */
		443FE8F51D6F770B0086DC29 /* psiphon_config in Resources */ = {isa = PBXBuildFile; fileRef = 443FE8F41D6F770B0086DC29 /* psiphon_config */; };
		449BE2041C57D402006FDC28 /* CoreData.framework in Frameworks */ = {isa = PBXBuildFile; fileRef = 449BE2031C57D402006FDC28 /* CoreData.framework */; };
		449BE2061C57D40C006FDC28 /* SystemConfiguration.framework in Frameworks */ = {isa = PBXBuildFile; fileRef = 449BE2051C57D40C006FDC28 /* SystemConfiguration.framework */; };
		449BE2081C57D41E006FDC28 /* libxml2.2.tbd in Frameworks */ = {isa = PBXBuildFile; fileRef = 449BE2071C57D41E006FDC28 /* libxml2.2.tbd */; };
		449BE2541C57D82A006FDC28 /* BookmarkFolderFormController.m in Sources */ = {isa = PBXBuildFile; fileRef = 449BE23D1C57D82A006FDC28 /* BookmarkFolderFormController.m */; };
		449BE2551C57D82A006FDC28 /* BookmarkImporter.m in Sources */ = {isa = PBXBuildFile; fileRef = 449BE23F1C57D82A006FDC28 /* BookmarkImporter.m */; };
		449BE2561C57D82A006FDC28 /* BookmarkItem.m in Sources */ = {isa = PBXBuildFile; fileRef = 449BE2411C57D82A006FDC28 /* BookmarkItem.m */; };
		449BE2571C57D82A006FDC28 /* BookmarksController.m in Sources */ = {isa = PBXBuildFile; fileRef = 449BE2431C57D82A006FDC28 /* BookmarksController.m */; };
		449BE2581C57D82A006FDC28 /* BookmarksFormController.m in Sources */ = {isa = PBXBuildFile; fileRef = 449BE2451C57D82A006FDC28 /* BookmarksFormController.m */; };
		449BE2591C57D82A006FDC28 /* BrowserDelegate.m in Sources */ = {isa = PBXBuildFile; fileRef = 449BE2471C57D82A006FDC28 /* BrowserDelegate.m */; };
		449BE25A1C57D82A006FDC28 /* BrowserMainWindow.m in Sources */ = {isa = PBXBuildFile; fileRef = 449BE2491C57D82A006FDC28 /* BrowserMainWindow.m */; };
		449BE25B1C57D82A006FDC28 /* BrowserViewController.m in Sources */ = {isa = PBXBuildFile; fileRef = 449BE24B1C57D82A006FDC28 /* BrowserViewController.m */; };
		449BE25D1C57D82A006FDC28 /* Tab.m in Sources */ = {isa = PBXBuildFile; fileRef = 449BE2511C57D82A006FDC28 /* Tab.m */; };
		449BE25E1C57D82A006FDC28 /* UIMainView.m in Sources */ = {isa = PBXBuildFile; fileRef = 449BE2531C57D82A006FDC28 /* UIMainView.m */; };
		449BE2831C57D84F006FDC28 /* Bookmarks.xib in Resources */ = {isa = PBXBuildFile; fileRef = 449BE2601C57D84F006FDC28 /* Bookmarks.xib */; };
		449BE2841C57D84F006FDC28 /* MainWindow-iPad.xib in Resources */ = {isa = PBXBuildFile; fileRef = 449BE2621C57D84F006FDC28 /* MainWindow-iPad.xib */; };
		449BE2851C57D84F006FDC28 /* BookmarkFoldersForm.xib in Resources */ = {isa = PBXBuildFile; fileRef = 449BE2641C57D84F006FDC28 /* BookmarkFoldersForm.xib */; };
		449BE2861C57D84F006FDC28 /* BookmarkItem.xib in Resources */ = {isa = PBXBuildFile; fileRef = 449BE2651C57D84F006FDC28 /* BookmarkItem.xib */; };
		449BE2871C57D84F006FDC28 /* bookmarks.strings in Resources */ = {isa = PBXBuildFile; fileRef = 449BE2661C57D84F006FDC28 /* bookmarks.strings */; };
		449BE2881C57D84F006FDC28 /* BookmarksForm.xib in Resources */ = {isa = PBXBuildFile; fileRef = 449BE2671C57D84F006FDC28 /* BookmarksForm.xib */; };
		449BE2891C57D84F006FDC28 /* BrowserModel.xcdatamodeld in Sources */ = {isa = PBXBuildFile; fileRef = 449BE2681C57D84F006FDC28 /* BrowserModel.xcdatamodeld */; };
		449BE28A1C57D84F006FDC28 /* Bookmarks.strings in Resources */ = {isa = PBXBuildFile; fileRef = 449BE26A1C57D84F006FDC28 /* Bookmarks.strings */; };
		449BE28B1C57D84F006FDC28 /* MainWindow-iPad.strings in Resources */ = {isa = PBXBuildFile; fileRef = 449BE26C1C57D84F006FDC28 /* MainWindow-iPad.strings */; };
		449BE28C1C57D84F006FDC28 /* bookmark.png in Resources */ = {isa = PBXBuildFile; fileRef = 449BE26F1C57D84F006FDC28 /* bookmark.png */; };
		449BE28D1C57D84F006FDC28 /* bookmarks.png in Resources */ = {isa = PBXBuildFile; fileRef = 449BE2701C57D84F006FDC28 /* bookmarks.png */; };
		449BE28E1C57D84F006FDC28 /* cell_arrow.png in Resources */ = {isa = PBXBuildFile; fileRef = 449BE2711C57D84F006FDC28 /* cell_arrow.png */; };
		449BE28F1C57D84F006FDC28 /* configure.png in Resources */ = {isa = PBXBuildFile; fileRef = 449BE2721C57D84F006FDC28 /* configure.png */; };
		449BE2901C57D84F006FDC28 /* delete_circle.png in Resources */ = {isa = PBXBuildFile; fileRef = 449BE2731C57D84F006FDC28 /* delete_circle.png */; };
		449BE2911C57D84F006FDC28 /* folder.png in Resources */ = {isa = PBXBuildFile; fileRef = 449BE2741C57D84F006FDC28 /* folder.png */; };
		449BE2921C57D84F006FDC28 /* gray-pixel.png in Resources */ = {isa = PBXBuildFile; fileRef = 449BE2751C57D84F006FDC28 /* gray-pixel.png */; };
		449BE2931C57D84F006FDC28 /* gsearch.png in Resources */ = {isa = PBXBuildFile; fileRef = 449BE2761C57D84F006FDC28 /* gsearch.png */; };
		449BE2941C57D84F006FDC28 /* iphone_delete_button.png in Resources */ = {isa = PBXBuildFile; fileRef = 449BE2771C57D84F006FDC28 /* iphone_delete_button.png */; };
		449BE2951C57D84F006FDC28 /* left.png in Resources */ = {isa = PBXBuildFile; fileRef = 449BE2781C57D84F006FDC28 /* left.png */; };
		449BE2961C57D84F006FDC28 /* magglass.png in Resources */ = {isa = PBXBuildFile; fileRef = 449BE2791C57D84F006FDC28 /* magglass.png */; };
		449BE2971C57D84F006FDC28 /* refresh.png in Resources */ = {isa = PBXBuildFile; fileRef = 449BE27A1C57D84F006FDC28 /* refresh.png */; };
		449BE2981C57D84F006FDC28 /* right.png in Resources */ = {isa = PBXBuildFile; fileRef = 449BE27B1C57D84F006FDC28 /* right.png */; };
		449BE2991C57D84F006FDC28 /* tab_add.png in Resources */ = {isa = PBXBuildFile; fileRef = 449BE27C1C57D84F006FDC28 /* tab_add.png */; };
		449BE29A1C57D84F006FDC28 /* tabs.png in Resources */ = {isa = PBXBuildFile; fileRef = 449BE27D1C57D84F006FDC28 /* tabs.png */; };
		449BE29B1C57D84F006FDC28 /* import_bookmark_howto.html in Resources */ = {isa = PBXBuildFile; fileRef = 449BE27E1C57D84F006FDC28 /* import_bookmark_howto.html */; };
		449BE29C1C57D84F006FDC28 /* JSTools.js in Resources */ = {isa = PBXBuildFile; fileRef = 449BE27F1C57D84F006FDC28 /* JSTools.js */; };
		449BE29D1C57D84F006FDC28 /* launch.html in Resources */ = {isa = PBXBuildFile; fileRef = 449BE2801C57D84F006FDC28 /* launch.html */; };
		449BE29E1C57D84F006FDC28 /* MainWindow.xib in Resources */ = {isa = PBXBuildFile; fileRef = 449BE2811C57D84F006FDC28 /* MainWindow.xib */; };
		449BE29F1C57D84F006FDC28 /* unable_to_connect.html in Resources */ = {isa = PBXBuildFile; fileRef = 449BE2821C57D84F006FDC28 /* unable_to_connect.html */; };
		449BE2A91C57D865006FDC28 /* JAHPAuthenticatingHTTPProtocol.m in Sources */ = {isa = PBXBuildFile; fileRef = 449BE2A21C57D865006FDC28 /* JAHPAuthenticatingHTTPProtocol.m */; };
		449BE2AA1C57D865006FDC28 /* JAHPCacheStoragePolicy.m in Sources */ = {isa = PBXBuildFile; fileRef = 449BE2A41C57D865006FDC28 /* JAHPCacheStoragePolicy.m */; };
		449BE2AB1C57D865006FDC28 /* JAHPCanonicalRequest.m in Sources */ = {isa = PBXBuildFile; fileRef = 449BE2A61C57D865006FDC28 /* JAHPCanonicalRequest.m */; };
		449BE2AC1C57D865006FDC28 /* JAHPQNSURLSessionDemux.m in Sources */ = {isa = PBXBuildFile; fileRef = 449BE2A81C57D865006FDC28 /* JAHPQNSURLSessionDemux.m */; };
		44B0A2041C568BD20064D364 /* main.m in Sources */ = {isa = PBXBuildFile; fileRef = 44B0A2031C568BD20064D364 /* main.m */; };
		44B0A2071C568BD20064D364 /* AppDelegate.m in Sources */ = {isa = PBXBuildFile; fileRef = 44B0A2061C568BD20064D364 /* AppDelegate.m */; };
		44B0A20A1C568BD20064D364 /* PsiphonBrowserViewController.m in Sources */ = {isa = PBXBuildFile; fileRef = 44B0A2091C568BD20064D364 /* PsiphonBrowserViewController.m */; };
		44B0A2101C568BD20064D364 /* Psiphon_Browser.xcdatamodeld in Sources */ = {isa = PBXBuildFile; fileRef = 44B0A20E1C568BD20064D364 /* Psiphon_Browser.xcdatamodeld */; };
		44B0A2121C568BD20064D364 /* Assets.xcassets in Resources */ = {isa = PBXBuildFile; fileRef = 44B0A2111C568BD20064D364 /* Assets.xcassets */; };
		44B0A2151C568BD20064D364 /* LaunchScreen.storyboard in Resources */ = {isa = PBXBuildFile; fileRef = 44B0A2131C568BD20064D364 /* LaunchScreen.storyboard */; };
		44CC93E21D6CD8720082F743 /* PsiphonTunnelController.framework in Frameworks */ = {isa = PBXBuildFile; fileRef = 44980AD81D63ACA600B78274 /* PsiphonTunnelController.framework */; };
		44CC93E31D6CD8720082F743 /* PsiphonTunnelController.framework in Embed Frameworks */ = {isa = PBXBuildFile; fileRef = 44980AD81D63ACA600B78274 /* PsiphonTunnelController.framework */; settings = {ATTRIBUTES = (CodeSignOnCopy, RemoveHeadersOnCopy, ); }; };
		44F143C21C763B2D00386142 /* libcrypto.a in Frameworks */ = {isa = PBXBuildFile; fileRef = 44F143C01C763B2D00386142 /* libcrypto.a */; };
		44F143C31C763B2D00386142 /* libssl.a in Frameworks */ = {isa = PBXBuildFile; fileRef = 44F143C11C763B2D00386142 /* libssl.a */; };
		44F5561A1C6D01040038D33A /* CoreTelephony.framework in Frameworks */ = {isa = PBXBuildFile; fileRef = 44F556191C6D01040038D33A /* CoreTelephony.framework */; };
		4E34EA261D6F48EE00367FCE /* LogViewController.swift in Sources */ = {isa = PBXBuildFile; fileRef = 4E34EA251D6F48EE00367FCE /* LogViewController.swift */; };
		4E4ABF591D6F833B004BF29F /* FeedbackViewController.swift in Sources */ = {isa = PBXBuildFile; fileRef = 4E4ABF581D6F833B004BF29F /* FeedbackViewController.swift */; };
		4E6795DF1D6DF36F007A6972 /* ResultMonad.swift in Sources */ = {isa = PBXBuildFile; fileRef = 4E6795DE1D6DF36F007A6972 /* ResultMonad.swift */; };
		4E6BA42C1D5B85A40027EDC8 /* Main.storyboard in Resources */ = {isa = PBXBuildFile; fileRef = 4E6BA42B1D5B85A40027EDC8 /* Main.storyboard */; };
		4EA59EC61D7756E1002D2E4F /* Jailbroken.swift in Sources */ = {isa = PBXBuildFile; fileRef = 4EA59EC51D7756E1002D2E4F /* Jailbroken.swift */; };
		4EBDCA141D70AF5300E7A516 /* Constants.swift in Sources */ = {isa = PBXBuildFile; fileRef = 4EBDCA131D70AF5300E7A516 /* Constants.swift */; };
		4EBDCA161D75E39E00E7A516 /* Common.swift in Sources */ = {isa = PBXBuildFile; fileRef = 4EBDCA151D75E39E00E7A516 /* Common.swift */; };
		4ECCF99E1D5BA51900CCFB1B /* psiphon_config.json in Resources */ = {isa = PBXBuildFile; fileRef = 4ECCF99D1D5BA51900CCFB1B /* psiphon_config.json */; };
		4ECCF9A01D5BA7F900CCFB1B /* feedback.html in Resources */ = {isa = PBXBuildFile; fileRef = 4ECCF99F1D5BA7F900CCFB1B /* feedback.html */; };
		4ECCF9A41D5BA82E00CCFB1B /* main.js in Resources */ = {isa = PBXBuildFile; fileRef = 4ECCF9A21D5BA82E00CCFB1B /* main.js */; };
		4ECCF9A61D5BA84900CCFB1B /* FeedbackFormViewController.swift in Sources */ = {isa = PBXBuildFile; fileRef = 4ECCF9A51D5BA84900CCFB1B /* FeedbackFormViewController.swift */; };
		4EFC91121D6B8156008D0982 /* PsiphonData.swift in Sources */ = {isa = PBXBuildFile; fileRef = 4EFC91111D6B8156008D0982 /* PsiphonData.swift */; };
/* End PBXBuildFile section */

/* Begin PBXCopyFilesBuildPhase section */
		44CC93E41D6CD8720082F743 /* Embed Frameworks */ = {
			isa = PBXCopyFilesBuildPhase;
			buildActionMask = 2147483647;
			dstPath = "";
			dstSubfolderSpec = 10;
			files = (
				44CC93E31D6CD8720082F743 /* PsiphonTunnelController.framework in Embed Frameworks */,
			);
			name = "Embed Frameworks";
			runOnlyForDeploymentPostprocessing = 0;
		};
/* End PBXCopyFilesBuildPhase section */

/* Begin PBXFileReference section */
		443FE8F41D6F770B0086DC29 /* psiphon_config */ = {isa = PBXFileReference; fileEncoding = 4; lastKnownFileType = text; path = psiphon_config; sourceTree = "<group>"; };
		447615ED1C73ABA50015077B /* LogViewController.h */ = {isa = PBXFileReference; fileEncoding = 4; lastKnownFileType = sourcecode.c.h; path = LogViewController.h; sourceTree = "<group>"; };
		447615EE1C73ABA50015077B /* LogViewController.m */ = {isa = PBXFileReference; fileEncoding = 4; lastKnownFileType = sourcecode.c.objc; path = LogViewController.m; sourceTree = "<group>"; };
>>>>>>> 48856cb202d8e2c711918621233633354eb455f4
		44980AD81D63ACA600B78274 /* PsiphonTunnelController.framework */ = {isa = PBXFileReference; lastKnownFileType = wrapper.framework; path = PsiphonTunnelController.framework; sourceTree = SOURCE_ROOT; };
		449BE1FA1C569843006FDC28 /* Psiphon.pch */ = {isa = PBXFileReference; lastKnownFileType = sourcecode.c.h; path = Psiphon.pch; sourceTree = "<group>"; };
		449BE2031C57D402006FDC28 /* CoreData.framework */ = {isa = PBXFileReference; lastKnownFileType = wrapper.framework; name = CoreData.framework; path = System/Library/Frameworks/CoreData.framework; sourceTree = SDKROOT; };
		449BE2051C57D40C006FDC28 /* SystemConfiguration.framework */ = {isa = PBXFileReference; lastKnownFileType = wrapper.framework; name = SystemConfiguration.framework; path = System/Library/Frameworks/SystemConfiguration.framework; sourceTree = SDKROOT; };
		449BE2071C57D41E006FDC28 /* libxml2.2.tbd */ = {isa = PBXFileReference; lastKnownFileType = "sourcecode.text-based-dylib-definition"; name = libxml2.2.tbd; path = usr/lib/libxml2.2.tbd; sourceTree = SDKROOT; };
		449BE23C1C57D82A006FDC28 /* BookmarkFolderFormController.h */ = {isa = PBXFileReference; fileEncoding = 4; lastKnownFileType = sourcecode.c.h; path = BookmarkFolderFormController.h; sourceTree = "<group>"; };
		449BE23D1C57D82A006FDC28 /* BookmarkFolderFormController.m */ = {isa = PBXFileReference; fileEncoding = 4; lastKnownFileType = sourcecode.c.objc; path = BookmarkFolderFormController.m; sourceTree = "<group>"; };
		449BE23E1C57D82A006FDC28 /* BookmarkImporter.h */ = {isa = PBXFileReference; fileEncoding = 4; lastKnownFileType = sourcecode.c.h; path = BookmarkImporter.h; sourceTree = "<group>"; };
		449BE23F1C57D82A006FDC28 /* BookmarkImporter.m */ = {isa = PBXFileReference; fileEncoding = 4; lastKnownFileType = sourcecode.c.objc; path = BookmarkImporter.m; sourceTree = "<group>"; };
		449BE2401C57D82A006FDC28 /* BookmarkItem.h */ = {isa = PBXFileReference; fileEncoding = 4; lastKnownFileType = sourcecode.c.h; path = BookmarkItem.h; sourceTree = "<group>"; };
		449BE2411C57D82A006FDC28 /* BookmarkItem.m */ = {isa = PBXFileReference; fileEncoding = 4; lastKnownFileType = sourcecode.c.objc; path = BookmarkItem.m; sourceTree = "<group>"; };
		449BE2421C57D82A006FDC28 /* BookmarksController.h */ = {isa = PBXFileReference; fileEncoding = 4; lastKnownFileType = sourcecode.c.h; path = BookmarksController.h; sourceTree = "<group>"; };
		449BE2431C57D82A006FDC28 /* BookmarksController.m */ = {isa = PBXFileReference; fileEncoding = 4; lastKnownFileType = sourcecode.c.objc; path = BookmarksController.m; sourceTree = "<group>"; };
		449BE2441C57D82A006FDC28 /* BookmarksFormController.h */ = {isa = PBXFileReference; fileEncoding = 4; lastKnownFileType = sourcecode.c.h; path = BookmarksFormController.h; sourceTree = "<group>"; };
		449BE2451C57D82A006FDC28 /* BookmarksFormController.m */ = {isa = PBXFileReference; fileEncoding = 4; lastKnownFileType = sourcecode.c.objc; path = BookmarksFormController.m; sourceTree = "<group>"; };
		449BE2461C57D82A006FDC28 /* BrowserDelegate.h */ = {isa = PBXFileReference; fileEncoding = 4; lastKnownFileType = sourcecode.c.h; path = BrowserDelegate.h; sourceTree = "<group>"; };
		449BE2471C57D82A006FDC28 /* BrowserDelegate.m */ = {isa = PBXFileReference; fileEncoding = 4; lastKnownFileType = sourcecode.c.objc; path = BrowserDelegate.m; sourceTree = "<group>"; };
		449BE2481C57D82A006FDC28 /* BrowserMainWindow.h */ = {isa = PBXFileReference; fileEncoding = 4; lastKnownFileType = sourcecode.c.h; path = BrowserMainWindow.h; sourceTree = "<group>"; };
		449BE2491C57D82A006FDC28 /* BrowserMainWindow.m */ = {isa = PBXFileReference; fileEncoding = 4; lastKnownFileType = sourcecode.c.objc; path = BrowserMainWindow.m; sourceTree = "<group>"; };
		449BE24A1C57D82A006FDC28 /* BrowserViewController.h */ = {isa = PBXFileReference; fileEncoding = 4; lastKnownFileType = sourcecode.c.h; path = BrowserViewController.h; sourceTree = "<group>"; };
		449BE24B1C57D82A006FDC28 /* BrowserViewController.m */ = {isa = PBXFileReference; fileEncoding = 4; lastKnownFileType = sourcecode.c.objc; path = BrowserViewController.m; sourceTree = "<group>"; };
		449BE24D1C57D82A006FDC28 /* Logging.h */ = {isa = PBXFileReference; fileEncoding = 4; lastKnownFileType = sourcecode.c.h; path = Logging.h; sourceTree = "<group>"; };
		449BE2501C57D82A006FDC28 /* Tab.h */ = {isa = PBXFileReference; fileEncoding = 4; lastKnownFileType = sourcecode.c.h; path = Tab.h; sourceTree = "<group>"; };
		449BE2511C57D82A006FDC28 /* Tab.m */ = {isa = PBXFileReference; fileEncoding = 4; lastKnownFileType = sourcecode.c.objc; path = Tab.m; sourceTree = "<group>"; };
		449BE2521C57D82A006FDC28 /* UIMainView.h */ = {isa = PBXFileReference; fileEncoding = 4; lastKnownFileType = sourcecode.c.h; path = UIMainView.h; sourceTree = "<group>"; };
		449BE2531C57D82A006FDC28 /* UIMainView.m */ = {isa = PBXFileReference; fileEncoding = 4; lastKnownFileType = sourcecode.c.objc; path = UIMainView.m; sourceTree = "<group>"; };
		449BE2611C57D84F006FDC28 /* Base */ = {isa = PBXFileReference; lastKnownFileType = file.xib; name = Base; path = Base.lproj/Bookmarks.xib; sourceTree = "<group>"; };
		449BE2631C57D84F006FDC28 /* Base */ = {isa = PBXFileReference; lastKnownFileType = file.xib; name = Base; path = "Base.lproj/MainWindow-iPad.xib"; sourceTree = "<group>"; };
		449BE2641C57D84F006FDC28 /* BookmarkFoldersForm.xib */ = {isa = PBXFileReference; fileEncoding = 4; lastKnownFileType = file.xib; path = BookmarkFoldersForm.xib; sourceTree = "<group>"; };
		449BE2651C57D84F006FDC28 /* BookmarkItem.xib */ = {isa = PBXFileReference; fileEncoding = 4; lastKnownFileType = file.xib; path = BookmarkItem.xib; sourceTree = "<group>"; };
		449BE2661C57D84F006FDC28 /* bookmarks.strings */ = {isa = PBXFileReference; fileEncoding = 4; lastKnownFileType = text.plist.strings; path = bookmarks.strings; sourceTree = "<group>"; };
		449BE2671C57D84F006FDC28 /* BookmarksForm.xib */ = {isa = PBXFileReference; fileEncoding = 4; lastKnownFileType = file.xib; path = BookmarksForm.xib; sourceTree = "<group>"; };
		449BE2691C57D84F006FDC28 /* BrowserModel.xcdatamodel */ = {isa = PBXFileReference; lastKnownFileType = wrapper.xcdatamodel; path = BrowserModel.xcdatamodel; sourceTree = "<group>"; };
		449BE26B1C57D84F006FDC28 /* de */ = {isa = PBXFileReference; lastKnownFileType = text.plist.strings; name = de; path = de.lproj/Bookmarks.strings; sourceTree = "<group>"; };
		449BE26D1C57D84F006FDC28 /* de */ = {isa = PBXFileReference; lastKnownFileType = text.plist.strings; name = de; path = "de.lproj/MainWindow-iPad.strings"; sourceTree = "<group>"; };
		449BE26F1C57D84F006FDC28 /* bookmark.png */ = {isa = PBXFileReference; lastKnownFileType = image.png; path = bookmark.png; sourceTree = "<group>"; };
		449BE2701C57D84F006FDC28 /* bookmarks.png */ = {isa = PBXFileReference; lastKnownFileType = image.png; path = bookmarks.png; sourceTree = "<group>"; };
		449BE2711C57D84F006FDC28 /* cell_arrow.png */ = {isa = PBXFileReference; lastKnownFileType = image.png; path = cell_arrow.png; sourceTree = "<group>"; };
		449BE2721C57D84F006FDC28 /* configure.png */ = {isa = PBXFileReference; lastKnownFileType = image.png; path = configure.png; sourceTree = "<group>"; };
		449BE2731C57D84F006FDC28 /* delete_circle.png */ = {isa = PBXFileReference; lastKnownFileType = image.png; path = delete_circle.png; sourceTree = "<group>"; };
		449BE2741C57D84F006FDC28 /* folder.png */ = {isa = PBXFileReference; lastKnownFileType = image.png; path = folder.png; sourceTree = "<group>"; };
		449BE2751C57D84F006FDC28 /* gray-pixel.png */ = {isa = PBXFileReference; lastKnownFileType = image.png; path = "gray-pixel.png"; sourceTree = "<group>"; };
		449BE2761C57D84F006FDC28 /* gsearch.png */ = {isa = PBXFileReference; lastKnownFileType = image.png; path = gsearch.png; sourceTree = "<group>"; };
		449BE2771C57D84F006FDC28 /* iphone_delete_button.png */ = {isa = PBXFileReference; lastKnownFileType = image.png; path = iphone_delete_button.png; sourceTree = "<group>"; };
		449BE2781C57D84F006FDC28 /* left.png */ = {isa = PBXFileReference; lastKnownFileType = image.png; path = left.png; sourceTree = "<group>"; };
		449BE2791C57D84F006FDC28 /* magglass.png */ = {isa = PBXFileReference; lastKnownFileType = image.png; path = magglass.png; sourceTree = "<group>"; };
		449BE27A1C57D84F006FDC28 /* refresh.png */ = {isa = PBXFileReference; lastKnownFileType = image.png; path = refresh.png; sourceTree = "<group>"; };
		449BE27B1C57D84F006FDC28 /* right.png */ = {isa = PBXFileReference; lastKnownFileType = image.png; path = right.png; sourceTree = "<group>"; };
		449BE27C1C57D84F006FDC28 /* tab_add.png */ = {isa = PBXFileReference; lastKnownFileType = image.png; path = tab_add.png; sourceTree = "<group>"; };
		449BE27D1C57D84F006FDC28 /* tabs.png */ = {isa = PBXFileReference; lastKnownFileType = image.png; path = tabs.png; sourceTree = "<group>"; };
		449BE27E1C57D84F006FDC28 /* import_bookmark_howto.html */ = {isa = PBXFileReference; fileEncoding = 4; lastKnownFileType = text.html; path = import_bookmark_howto.html; sourceTree = "<group>"; };
		449BE27F1C57D84F006FDC28 /* JSTools.js */ = {isa = PBXFileReference; fileEncoding = 4; lastKnownFileType = sourcecode.javascript; path = JSTools.js; sourceTree = "<group>"; };
		449BE2801C57D84F006FDC28 /* launch.html */ = {isa = PBXFileReference; fileEncoding = 4; lastKnownFileType = text.html; path = launch.html; sourceTree = "<group>"; };
		449BE2811C57D84F006FDC28 /* MainWindow.xib */ = {isa = PBXFileReference; fileEncoding = 4; lastKnownFileType = file.xib; path = MainWindow.xib; sourceTree = "<group>"; };
		449BE2821C57D84F006FDC28 /* unable_to_connect.html */ = {isa = PBXFileReference; fileEncoding = 4; lastKnownFileType = text.html; path = unable_to_connect.html; sourceTree = "<group>"; };
		449BE2A11C57D865006FDC28 /* JAHPAuthenticatingHTTPProtocol.h */ = {isa = PBXFileReference; fileEncoding = 4; lastKnownFileType = sourcecode.c.h; path = JAHPAuthenticatingHTTPProtocol.h; sourceTree = "<group>"; };
		449BE2A21C57D865006FDC28 /* JAHPAuthenticatingHTTPProtocol.m */ = {isa = PBXFileReference; fileEncoding = 4; lastKnownFileType = sourcecode.c.objc; path = JAHPAuthenticatingHTTPProtocol.m; sourceTree = "<group>"; };
		449BE2A31C57D865006FDC28 /* JAHPCacheStoragePolicy.h */ = {isa = PBXFileReference; fileEncoding = 4; lastKnownFileType = sourcecode.c.h; path = JAHPCacheStoragePolicy.h; sourceTree = "<group>"; };
		449BE2A41C57D865006FDC28 /* JAHPCacheStoragePolicy.m */ = {isa = PBXFileReference; fileEncoding = 4; lastKnownFileType = sourcecode.c.objc; path = JAHPCacheStoragePolicy.m; sourceTree = "<group>"; };
		449BE2A51C57D865006FDC28 /* JAHPCanonicalRequest.h */ = {isa = PBXFileReference; fileEncoding = 4; lastKnownFileType = sourcecode.c.h; path = JAHPCanonicalRequest.h; sourceTree = "<group>"; };
		449BE2A61C57D865006FDC28 /* JAHPCanonicalRequest.m */ = {isa = PBXFileReference; fileEncoding = 4; lastKnownFileType = sourcecode.c.objc; path = JAHPCanonicalRequest.m; sourceTree = "<group>"; };
		449BE2A71C57D865006FDC28 /* JAHPQNSURLSessionDemux.h */ = {isa = PBXFileReference; fileEncoding = 4; lastKnownFileType = sourcecode.c.h; path = JAHPQNSURLSessionDemux.h; sourceTree = "<group>"; };
		449BE2A81C57D865006FDC28 /* JAHPQNSURLSessionDemux.m */ = {isa = PBXFileReference; fileEncoding = 4; lastKnownFileType = sourcecode.c.objc; path = JAHPQNSURLSessionDemux.m; sourceTree = "<group>"; };
		44B0A1FF1C568BD20064D364 /* Psiphon-Browser.app */ = {isa = PBXFileReference; explicitFileType = wrapper.application; includeInIndex = 0; path = "Psiphon-Browser.app"; sourceTree = BUILT_PRODUCTS_DIR; };
		44B0A2031C568BD20064D364 /* main.m */ = {isa = PBXFileReference; lastKnownFileType = sourcecode.c.objc; path = main.m; sourceTree = "<group>"; };
		44B0A2051C568BD20064D364 /* AppDelegate.h */ = {isa = PBXFileReference; lastKnownFileType = sourcecode.c.h; path = AppDelegate.h; sourceTree = "<group>"; };
		44B0A2061C568BD20064D364 /* AppDelegate.m */ = {isa = PBXFileReference; lastKnownFileType = sourcecode.c.objc; path = AppDelegate.m; sourceTree = "<group>"; };
		44B0A2081C568BD20064D364 /* PsiphonBrowserViewController.h */ = {isa = PBXFileReference; lastKnownFileType = sourcecode.c.h; path = PsiphonBrowserViewController.h; sourceTree = "<group>"; };
		44B0A2091C568BD20064D364 /* PsiphonBrowserViewController.m */ = {isa = PBXFileReference; lastKnownFileType = sourcecode.c.objc; path = PsiphonBrowserViewController.m; sourceTree = "<group>"; };
		44B0A20F1C568BD20064D364 /* Psiphon_Browser.xcdatamodel */ = {isa = PBXFileReference; lastKnownFileType = wrapper.xcdatamodel; path = Psiphon_Browser.xcdatamodel; sourceTree = "<group>"; };
		44B0A2111C568BD20064D364 /* Assets.xcassets */ = {isa = PBXFileReference; lastKnownFileType = folder.assetcatalog; path = Assets.xcassets; sourceTree = "<group>"; };
		44B0A2141C568BD20064D364 /* Base */ = {isa = PBXFileReference; lastKnownFileType = file.storyboard; name = Base; path = Base.lproj/LaunchScreen.storyboard; sourceTree = "<group>"; };
		44B0A2161C568BD20064D364 /* Info.plist */ = {isa = PBXFileReference; lastKnownFileType = text.plist.xml; path = Info.plist; sourceTree = "<group>"; };
		44F143C01C763B2D00386142 /* libcrypto.a */ = {isa = PBXFileReference; lastKnownFileType = archive.ar; path = libcrypto.a; sourceTree = SOURCE_ROOT; };
		44F143C11C763B2D00386142 /* libssl.a */ = {isa = PBXFileReference; lastKnownFileType = archive.ar; path = libssl.a; sourceTree = SOURCE_ROOT; };
		44F556191C6D01040038D33A /* CoreTelephony.framework */ = {isa = PBXFileReference; lastKnownFileType = wrapper.framework; name = CoreTelephony.framework; path = System/Library/Frameworks/CoreTelephony.framework; sourceTree = SDKROOT; };
		4E34EA251D6F48EE00367FCE /* LogViewController.swift */ = {isa = PBXFileReference; fileEncoding = 4; lastKnownFileType = sourcecode.swift; path = LogViewController.swift; sourceTree = "<group>"; };
		4E4ABF581D6F833B004BF29F /* FeedbackViewController.swift */ = {isa = PBXFileReference; fileEncoding = 4; lastKnownFileType = sourcecode.swift; path = FeedbackViewController.swift; sourceTree = "<group>"; };
		4E6795DE1D6DF36F007A6972 /* ResultMonad.swift */ = {isa = PBXFileReference; fileEncoding = 4; lastKnownFileType = sourcecode.swift; path = ResultMonad.swift; sourceTree = "<group>"; };
		4E6BA42B1D5B85A40027EDC8 /* Main.storyboard */ = {isa = PBXFileReference; fileEncoding = 4; lastKnownFileType = file.storyboard; path = Main.storyboard; sourceTree = "<group>"; };
		4EA59EC51D7756E1002D2E4F /* Jailbroken.swift */ = {isa = PBXFileReference; fileEncoding = 4; lastKnownFileType = sourcecode.swift; path = Jailbroken.swift; sourceTree = "<group>"; };
		4EBDCA131D70AF5300E7A516 /* Constants.swift */ = {isa = PBXFileReference; fileEncoding = 4; lastKnownFileType = sourcecode.swift; path = Constants.swift; sourceTree = "<group>"; };
		4EBDCA151D75E39E00E7A516 /* Common.swift */ = {isa = PBXFileReference; fileEncoding = 4; lastKnownFileType = sourcecode.swift; path = Common.swift; sourceTree = "<group>"; };
		4ECCF9961D5BA45500CCFB1B /* Psiphon-Browser-Bridging-Header.h */ = {isa = PBXFileReference; lastKnownFileType = sourcecode.c.h; path = "Psiphon-Browser-Bridging-Header.h"; sourceTree = "<group>"; };
		4ECCF99D1D5BA51900CCFB1B /* psiphon_config.json */ = {isa = PBXFileReference; fileEncoding = 4; lastKnownFileType = text.json; name = psiphon_config.json; path = "../../myforks/psiphon-ios/Psiphon-Browser/Psiphon-Browser/psiphon_config.json"; sourceTree = "<group>"; };
		4ECCF99F1D5BA7F900CCFB1B /* feedback.html */ = {isa = PBXFileReference; fileEncoding = 4; lastKnownFileType = text.html; path = feedback.html; sourceTree = "<group>"; };
		4ECCF9A21D5BA82E00CCFB1B /* main.js */ = {isa = PBXFileReference; fileEncoding = 4; lastKnownFileType = sourcecode.javascript; path = main.js; sourceTree = "<group>"; };
		4ECCF9A51D5BA84900CCFB1B /* FeedbackFormViewController.swift */ = {isa = PBXFileReference; fileEncoding = 4; lastKnownFileType = sourcecode.swift; path = FeedbackFormViewController.swift; sourceTree = "<group>"; };
		4EFC910F1D6B7C22008D0982 /* Psi.framework */ = {isa = PBXFileReference; lastKnownFileType = wrapper.framework; path = Psi.framework; sourceTree = SOURCE_ROOT; };
		4EFC91111D6B8156008D0982 /* PsiphonData.swift */ = {isa = PBXFileReference; fileEncoding = 4; lastKnownFileType = sourcecode.swift; path = PsiphonData.swift; sourceTree = "<group>"; };
/* End PBXFileReference section */

/* Begin PBXFrameworksBuildPhase section */
		44B0A1FC1C568BD20064D364 /* Frameworks */ = {
			isa = PBXFrameworksBuildPhase;
			buildActionMask = 2147483647;
			files = (
				44CC93E21D6CD8720082F743 /* PsiphonTunnelController.framework in Frameworks */,
				44F143C21C763B2D00386142 /* libcrypto.a in Frameworks */,
				44F143C31C763B2D00386142 /* libssl.a in Frameworks */,
				44F5561A1C6D01040038D33A /* CoreTelephony.framework in Frameworks */,
				449BE2081C57D41E006FDC28 /* libxml2.2.tbd in Frameworks */,
				449BE2061C57D40C006FDC28 /* SystemConfiguration.framework in Frameworks */,
				449BE2041C57D402006FDC28 /* CoreData.framework in Frameworks */,
			);
			runOnlyForDeploymentPostprocessing = 0;
		};
/* End PBXFrameworksBuildPhase section */

/* Begin PBXGroup section */
		447615E91C73906B0015077B /* Bundled */ = {
			isa = PBXGroup;
			children = (
				443FE8F41D6F770B0086DC29 /* psiphon_config */,
			);
			name = Bundled;
			sourceTree = "<group>";
		};
		449BE23B1C57D82A006FDC28 /* Browser */ = {
			isa = PBXGroup;
			children = (
				449BE23C1C57D82A006FDC28 /* BookmarkFolderFormController.h */,
				449BE23D1C57D82A006FDC28 /* BookmarkFolderFormController.m */,
				449BE23E1C57D82A006FDC28 /* BookmarkImporter.h */,
				449BE23F1C57D82A006FDC28 /* BookmarkImporter.m */,
				449BE2401C57D82A006FDC28 /* BookmarkItem.h */,
				449BE2411C57D82A006FDC28 /* BookmarkItem.m */,
				449BE2421C57D82A006FDC28 /* BookmarksController.h */,
				449BE2431C57D82A006FDC28 /* BookmarksController.m */,
				449BE2441C57D82A006FDC28 /* BookmarksFormController.h */,
				449BE2451C57D82A006FDC28 /* BookmarksFormController.m */,
				449BE2461C57D82A006FDC28 /* BrowserDelegate.h */,
				449BE2471C57D82A006FDC28 /* BrowserDelegate.m */,
				449BE2481C57D82A006FDC28 /* BrowserMainWindow.h */,
				449BE2491C57D82A006FDC28 /* BrowserMainWindow.m */,
				449BE24A1C57D82A006FDC28 /* BrowserViewController.h */,
				449BE24B1C57D82A006FDC28 /* BrowserViewController.m */,
				449BE24C1C57D82A006FDC28 /* Logging */,
				449BE2501C57D82A006FDC28 /* Tab.h */,
				449BE2511C57D82A006FDC28 /* Tab.m */,
				449BE2521C57D82A006FDC28 /* UIMainView.h */,
				449BE2531C57D82A006FDC28 /* UIMainView.m */,
			);
			path = Browser;
			sourceTree = "<group>";
		};
		449BE24C1C57D82A006FDC28 /* Logging */ = {
			isa = PBXGroup;
			children = (
				449BE24D1C57D82A006FDC28 /* Logging.h */,
			);
			path = Logging;
			sourceTree = "<group>";
		};
		449BE25F1C57D84F006FDC28 /* Browser Resources */ = {
			isa = PBXGroup;
			children = (
				449BE2601C57D84F006FDC28 /* Bookmarks.xib */,
				449BE2621C57D84F006FDC28 /* MainWindow-iPad.xib */,
				449BE2641C57D84F006FDC28 /* BookmarkFoldersForm.xib */,
				449BE2651C57D84F006FDC28 /* BookmarkItem.xib */,
				449BE2661C57D84F006FDC28 /* bookmarks.strings */,
				449BE2671C57D84F006FDC28 /* BookmarksForm.xib */,
				449BE2681C57D84F006FDC28 /* BrowserModel.xcdatamodeld */,
				449BE26A1C57D84F006FDC28 /* Bookmarks.strings */,
				449BE26C1C57D84F006FDC28 /* MainWindow-iPad.strings */,
				449BE26E1C57D84F006FDC28 /* Images */,
				449BE27E1C57D84F006FDC28 /* import_bookmark_howto.html */,
				449BE27F1C57D84F006FDC28 /* JSTools.js */,
				449BE2801C57D84F006FDC28 /* launch.html */,
				449BE2811C57D84F006FDC28 /* MainWindow.xib */,
				449BE2821C57D84F006FDC28 /* unable_to_connect.html */,
			);
			path = "Browser Resources";
			sourceTree = "<group>";
		};
		449BE26E1C57D84F006FDC28 /* Images */ = {
			isa = PBXGroup;
			children = (
				449BE26F1C57D84F006FDC28 /* bookmark.png */,
				449BE2701C57D84F006FDC28 /* bookmarks.png */,
				449BE2711C57D84F006FDC28 /* cell_arrow.png */,
				449BE2721C57D84F006FDC28 /* configure.png */,
				449BE2731C57D84F006FDC28 /* delete_circle.png */,
				449BE2741C57D84F006FDC28 /* folder.png */,
				449BE2751C57D84F006FDC28 /* gray-pixel.png */,
				449BE2761C57D84F006FDC28 /* gsearch.png */,
				449BE2771C57D84F006FDC28 /* iphone_delete_button.png */,
				449BE2781C57D84F006FDC28 /* left.png */,
				449BE2791C57D84F006FDC28 /* magglass.png */,
				449BE27A1C57D84F006FDC28 /* refresh.png */,
				449BE27B1C57D84F006FDC28 /* right.png */,
				449BE27C1C57D84F006FDC28 /* tab_add.png */,
				449BE27D1C57D84F006FDC28 /* tabs.png */,
			);
			path = Images;
			sourceTree = "<group>";
		};
		449BE2A01C57D865006FDC28 /* JiveAuthenticatingHTTPProtocol */ = {
			isa = PBXGroup;
			children = (
				449BE2A11C57D865006FDC28 /* JAHPAuthenticatingHTTPProtocol.h */,
				449BE2A21C57D865006FDC28 /* JAHPAuthenticatingHTTPProtocol.m */,
				449BE2A31C57D865006FDC28 /* JAHPCacheStoragePolicy.h */,
				449BE2A41C57D865006FDC28 /* JAHPCacheStoragePolicy.m */,
				449BE2A51C57D865006FDC28 /* JAHPCanonicalRequest.h */,
				449BE2A61C57D865006FDC28 /* JAHPCanonicalRequest.m */,
				449BE2A71C57D865006FDC28 /* JAHPQNSURLSessionDemux.h */,
				449BE2A81C57D865006FDC28 /* JAHPQNSURLSessionDemux.m */,
			);
			path = JiveAuthenticatingHTTPProtocol;
			sourceTree = "<group>";
		};
		44B0A1F61C568BD20064D364 = {
			isa = PBXGroup;
			children = (
				44B0A2001C568BD20064D364 /* Products */,
				44B0A2011C568BD20064D364 /* Psiphon-Browser */,
				44B0A21E1C568F720064D364 /* Frameworks */,
			);
			sourceTree = "<group>";
		};
		44B0A2001C568BD20064D364 /* Products */ = {
			isa = PBXGroup;
			children = (
				44B0A1FF1C568BD20064D364 /* Psiphon-Browser.app */,
			);
			name = Products;
			sourceTree = "<group>";
		};
		44B0A2011C568BD20064D364 /* Psiphon-Browser */ = {
			isa = PBXGroup;
			children = (
				447615E91C73906B0015077B /* Bundled */,
				449BE2A01C57D865006FDC28 /* JiveAuthenticatingHTTPProtocol */,
				449BE25F1C57D84F006FDC28 /* Browser Resources */,
				449BE23B1C57D82A006FDC28 /* Browser */,
				44B0A2051C568BD20064D364 /* AppDelegate.h */,
				44B0A2061C568BD20064D364 /* AppDelegate.m */,
				44B0A2081C568BD20064D364 /* PsiphonBrowserViewController.h */,
				44B0A2091C568BD20064D364 /* PsiphonBrowserViewController.m */,
				4EBDCA151D75E39E00E7A516 /* Common.swift */,
				4EBDCA131D70AF5300E7A516 /* Constants.swift */,
				4E4ABF581D6F833B004BF29F /* FeedbackViewController.swift */,
				4ECCF9A51D5BA84900CCFB1B /* FeedbackFormViewController.swift */,
				4EA59EC51D7756E1002D2E4F /* Jailbroken.swift */,
				4E34EA251D6F48EE00367FCE /* LogViewController.swift */,
				4EFC91111D6B8156008D0982 /* PsiphonData.swift */,
				4E6795DE1D6DF36F007A6972 /* ResultMonad.swift */,
				4ECCF99F1D5BA7F900CCFB1B /* feedback.html */,
				4ECCF9A21D5BA82E00CCFB1B /* main.js */,
				4ECCF99D1D5BA51900CCFB1B /* psiphon_config.json */,
				44B0A2111C568BD20064D364 /* Assets.xcassets */,
				44B0A2131C568BD20064D364 /* LaunchScreen.storyboard */,
				4E6BA42B1D5B85A40027EDC8 /* Main.storyboard */,
				44B0A2161C568BD20064D364 /* Info.plist */,
				44B0A20E1C568BD20064D364 /* Psiphon_Browser.xcdatamodeld */,
				44B0A2021C568BD20064D364 /* Supporting Files */,
				4ECCF9961D5BA45500CCFB1B /* Psiphon-Browser-Bridging-Header.h */,
			);
			path = "Psiphon-Browser";
			sourceTree = "<group>";
		};
		44B0A2021C568BD20064D364 /* Supporting Files */ = {
			isa = PBXGroup;
			children = (
				44B0A2031C568BD20064D364 /* main.m */,
				449BE1FA1C569843006FDC28 /* Psiphon.pch */,
			);
			name = "Supporting Files";
			sourceTree = "<group>";
		};
		44B0A21E1C568F720064D364 /* Frameworks */ = {
			isa = PBXGroup;
			children = (
				44980AD81D63ACA600B78274 /* PsiphonTunnelController.framework */,
				44F143C01C763B2D00386142 /* libcrypto.a */,
				4EFC910F1D6B7C22008D0982 /* Psi.framework */,
				44F143C11C763B2D00386142 /* libssl.a */,
				44F556191C6D01040038D33A /* CoreTelephony.framework */,
				449BE2071C57D41E006FDC28 /* libxml2.2.tbd */,
				449BE2051C57D40C006FDC28 /* SystemConfiguration.framework */,
				449BE2031C57D402006FDC28 /* CoreData.framework */,
			);
			name = Frameworks;
			path = "Psiphon-Browser";
			sourceTree = "<group>";
		};
/* End PBXGroup section */

/* Begin PBXNativeTarget section */
		44B0A1FE1C568BD20064D364 /* Psiphon-Browser */ = {
			isa = PBXNativeTarget;
			buildConfigurationList = 44B0A2191C568BD20064D364 /* Build configuration list for PBXNativeTarget "Psiphon-Browser" */;
			buildPhases = (
				44B0A1FB1C568BD20064D364 /* Sources */,
				44B0A1FC1C568BD20064D364 /* Frameworks */,
				447615EC1C73A9600015077B /* ShellScript */,
				44B0A1FD1C568BD20064D364 /* Resources */,
				44CC93E41D6CD8720082F743 /* Embed Frameworks */,
			);
			buildRules = (
			);
			dependencies = (
			);
			name = "Psiphon-Browser";
			productName = "Psiphon-Browser";
			productReference = 44B0A1FF1C568BD20064D364 /* Psiphon-Browser.app */;
			productType = "com.apple.product-type.application";
		};
/* End PBXNativeTarget section */

/* Begin PBXProject section */
		44B0A1F71C568BD20064D364 /* Project object */ = {
			isa = PBXProject;
			attributes = {
				LastUpgradeCheck = 0800;
				ORGANIZATIONNAME = Psiphon;
				TargetAttributes = {
					44B0A1FE1C568BD20064D364 = {
						CreatedOnToolsVersion = 7.2;
						DevelopmentTeam = Q6HLNEX92A;
						LastSwiftMigration = 0800;
						ProvisioningStyle = Automatic;
					};
				};
			};
			buildConfigurationList = 44B0A1FA1C568BD20064D364 /* Build configuration list for PBXProject "Psiphon-Browser" */;
			compatibilityVersion = "Xcode 3.2";
			developmentRegion = English;
			hasScannedForEncodings = 0;
			knownRegions = (
				en,
				Base,
				de,
			);
			mainGroup = 44B0A1F61C568BD20064D364;
			productRefGroup = 44B0A2001C568BD20064D364 /* Products */;
			projectDirPath = "";
			projectRoot = "";
			targets = (
				44B0A1FE1C568BD20064D364 /* Psiphon-Browser */,
			);
		};
/* End PBXProject section */

/* Begin PBXResourcesBuildPhase section */
		44B0A1FD1C568BD20064D364 /* Resources */ = {
			isa = PBXResourcesBuildPhase;
			buildActionMask = 2147483647;
			files = (
				449BE2981C57D84F006FDC28 /* right.png in Resources */,
				44B0A2151C568BD20064D364 /* LaunchScreen.storyboard in Resources */,
				449BE2881C57D84F006FDC28 /* BookmarksForm.xib in Resources */,
				449BE2901C57D84F006FDC28 /* delete_circle.png in Resources */,
				443FE8F51D6F770B0086DC29 /* psiphon_config in Resources */,
				449BE29B1C57D84F006FDC28 /* import_bookmark_howto.html in Resources */,
				449BE2931C57D84F006FDC28 /* gsearch.png in Resources */,
				449BE28B1C57D84F006FDC28 /* MainWindow-iPad.strings in Resources */,
				449BE2941C57D84F006FDC28 /* iphone_delete_button.png in Resources */,
				4ECCF99E1D5BA51900CCFB1B /* psiphon_config.json in Resources */,
				449BE2851C57D84F006FDC28 /* BookmarkFoldersForm.xib in Resources */,
				449BE28D1C57D84F006FDC28 /* bookmarks.png in Resources */,
				449BE28C1C57D84F006FDC28 /* bookmark.png in Resources */,
				449BE2841C57D84F006FDC28 /* MainWindow-iPad.xib in Resources */,
				449BE2871C57D84F006FDC28 /* bookmarks.strings in Resources */,
				4ECCF9A41D5BA82E00CCFB1B /* main.js in Resources */,
				449BE2861C57D84F006FDC28 /* BookmarkItem.xib in Resources */,
				449BE29F1C57D84F006FDC28 /* unable_to_connect.html in Resources */,
				449BE2961C57D84F006FDC28 /* magglass.png in Resources */,
				449BE2911C57D84F006FDC28 /* folder.png in Resources */,
				449BE28E1C57D84F006FDC28 /* cell_arrow.png in Resources */,
				449BE29D1C57D84F006FDC28 /* launch.html in Resources */,
				449BE2831C57D84F006FDC28 /* Bookmarks.xib in Resources */,
				449BE2921C57D84F006FDC28 /* gray-pixel.png in Resources */,
				449BE29C1C57D84F006FDC28 /* JSTools.js in Resources */,
				449BE2971C57D84F006FDC28 /* refresh.png in Resources */,
				449BE29A1C57D84F006FDC28 /* tabs.png in Resources */,
				44B0A2121C568BD20064D364 /* Assets.xcassets in Resources */,
				4E6BA42C1D5B85A40027EDC8 /* Main.storyboard in Resources */,
				449BE28A1C57D84F006FDC28 /* Bookmarks.strings in Resources */,
				449BE2991C57D84F006FDC28 /* tab_add.png in Resources */,
				449BE29E1C57D84F006FDC28 /* MainWindow.xib in Resources */,
				4ECCF9A01D5BA7F900CCFB1B /* feedback.html in Resources */,
				449BE2951C57D84F006FDC28 /* left.png in Resources */,
				449BE28F1C57D84F006FDC28 /* configure.png in Resources */,
			);
			runOnlyForDeploymentPostprocessing = 0;
		};
/* End PBXResourcesBuildPhase section */

/* Begin PBXShellScriptBuildPhase section */
		447615EC1C73A9600015077B /* ShellScript */ = {
			isa = PBXShellScriptBuildPhase;
			buildActionMask = 2147483647;
			files = (
			);
			inputPaths = (
			);
			outputPaths = (
			);
			runOnlyForDeploymentPostprocessing = 0;
			shellPath = /bin/sh;
			shellScript = "";
		};
/* End PBXShellScriptBuildPhase section */

/* Begin PBXSourcesBuildPhase section */
		44B0A1FB1C568BD20064D364 /* Sources */ = {
			isa = PBXSourcesBuildPhase;
			buildActionMask = 2147483647;
			files = (
				4EBDCA141D70AF5300E7A516 /* Constants.swift in Sources */,
				449BE2571C57D82A006FDC28 /* BookmarksController.m in Sources */,
				4EBDCA161D75E39E00E7A516 /* Common.swift in Sources */,
				449BE2AB1C57D865006FDC28 /* JAHPCanonicalRequest.m in Sources */,
				44B0A2101C568BD20064D364 /* Psiphon_Browser.xcdatamodeld in Sources */,
				44B0A20A1C568BD20064D364 /* PsiphonBrowserViewController.m in Sources */,
				4EA59EC61D7756E1002D2E4F /* Jailbroken.swift in Sources */,
				449BE2551C57D82A006FDC28 /* BookmarkImporter.m in Sources */,
				449BE25E1C57D82A006FDC28 /* UIMainView.m in Sources */,
				449BE25B1C57D82A006FDC28 /* BrowserViewController.m in Sources */,
				449BE2891C57D84F006FDC28 /* BrowserModel.xcdatamodeld in Sources */,
				4EFC91121D6B8156008D0982 /* PsiphonData.swift in Sources */,
				449BE2A91C57D865006FDC28 /* JAHPAuthenticatingHTTPProtocol.m in Sources */,
				44B0A2071C568BD20064D364 /* AppDelegate.m in Sources */,
				449BE2AC1C57D865006FDC28 /* JAHPQNSURLSessionDemux.m in Sources */,
				44B0A2041C568BD20064D364 /* main.m in Sources */,
				449BE2591C57D82A006FDC28 /* BrowserDelegate.m in Sources */,
				449BE25D1C57D82A006FDC28 /* Tab.m in Sources */,
				4E34EA261D6F48EE00367FCE /* LogViewController.swift in Sources */,
				449BE2581C57D82A006FDC28 /* BookmarksFormController.m in Sources */,
				449BE2561C57D82A006FDC28 /* BookmarkItem.m in Sources */,
				4E6795DF1D6DF36F007A6972 /* ResultMonad.swift in Sources */,
				449BE2541C57D82A006FDC28 /* BookmarkFolderFormController.m in Sources */,
				449BE25A1C57D82A006FDC28 /* BrowserMainWindow.m in Sources */,
				449BE2AA1C57D865006FDC28 /* JAHPCacheStoragePolicy.m in Sources */,
				4E4ABF591D6F833B004BF29F /* FeedbackViewController.swift in Sources */,
				4ECCF9A61D5BA84900CCFB1B /* FeedbackFormViewController.swift in Sources */,
			);
			runOnlyForDeploymentPostprocessing = 0;
		};
/* End PBXSourcesBuildPhase section */

/* Begin PBXVariantGroup section */
		449BE2601C57D84F006FDC28 /* Bookmarks.xib */ = {
			isa = PBXVariantGroup;
			children = (
				449BE2611C57D84F006FDC28 /* Base */,
			);
			name = Bookmarks.xib;
			sourceTree = "<group>";
		};
		449BE2621C57D84F006FDC28 /* MainWindow-iPad.xib */ = {
			isa = PBXVariantGroup;
			children = (
				449BE2631C57D84F006FDC28 /* Base */,
			);
			name = "MainWindow-iPad.xib";
			sourceTree = "<group>";
		};
		449BE26A1C57D84F006FDC28 /* Bookmarks.strings */ = {
			isa = PBXVariantGroup;
			children = (
				449BE26B1C57D84F006FDC28 /* de */,
			);
			name = Bookmarks.strings;
			sourceTree = "<group>";
		};
		449BE26C1C57D84F006FDC28 /* MainWindow-iPad.strings */ = {
			isa = PBXVariantGroup;
			children = (
				449BE26D1C57D84F006FDC28 /* de */,
			);
			name = "MainWindow-iPad.strings";
			sourceTree = "<group>";
		};
		44B0A2131C568BD20064D364 /* LaunchScreen.storyboard */ = {
			isa = PBXVariantGroup;
			children = (
				44B0A2141C568BD20064D364 /* Base */,
			);
			name = LaunchScreen.storyboard;
			sourceTree = "<group>";
		};
/* End PBXVariantGroup section */

/* Begin XCBuildConfiguration section */
		44B0A2171C568BD20064D364 /* Debug */ = {
			isa = XCBuildConfiguration;
			buildSettings = {
				ALWAYS_SEARCH_USER_PATHS = YES;
				CLANG_ANALYZER_LOCALIZABILITY_NONLOCALIZED = YES;
				CLANG_CXX_LANGUAGE_STANDARD = "gnu++0x";
				CLANG_CXX_LIBRARY = "libc++";
				CLANG_ENABLE_MODULES = YES;
				CLANG_ENABLE_OBJC_ARC = YES;
				CLANG_WARN_BOOL_CONVERSION = YES;
				CLANG_WARN_CONSTANT_CONVERSION = YES;
				CLANG_WARN_DIRECT_OBJC_ISA_USAGE = YES_ERROR;
				CLANG_WARN_EMPTY_BODY = YES;
				CLANG_WARN_ENUM_CONVERSION = YES;
				CLANG_WARN_INFINITE_RECURSION = YES;
				CLANG_WARN_INT_CONVERSION = YES;
				CLANG_WARN_OBJC_ROOT_CLASS = YES_ERROR;
				CLANG_WARN_SUSPICIOUS_MOVE = YES;
				CLANG_WARN_UNREACHABLE_CODE = YES;
				CLANG_WARN__DUPLICATE_METHOD_MATCH = YES;
				"CODE_SIGN_IDENTITY[sdk=iphoneos*]" = "iPhone Developer";
				COPY_PHASE_STRIP = NO;
				DEBUG_INFORMATION_FORMAT = "dwarf-with-dsym";
				ENABLE_BITCODE = NO;
				ENABLE_STRICT_OBJC_MSGSEND = YES;
				ENABLE_TESTABILITY = YES;
				GCC_C_LANGUAGE_STANDARD = gnu99;
				GCC_DYNAMIC_NO_PIC = YES;
				GCC_NO_COMMON_BLOCKS = YES;
				GCC_OPTIMIZATION_LEVEL = 0;
				GCC_PREPROCESSOR_DEFINITIONS = (
					"DEBUG=1",
					"$(inherited)",
				);
				GCC_WARN_64_TO_32_BIT_CONVERSION = YES;
				GCC_WARN_ABOUT_RETURN_TYPE = YES_ERROR;
				GCC_WARN_UNDECLARED_SELECTOR = YES;
				GCC_WARN_UNINITIALIZED_AUTOS = YES_AGGRESSIVE;
				GCC_WARN_UNUSED_FUNCTION = YES;
				GCC_WARN_UNUSED_VARIABLE = YES;
				HEADER_SEARCH_PATHS = "$(SDKROOT)/usr/include/libxml2";
				IPHONEOS_DEPLOYMENT_TARGET = 9.2;
				LD_NO_PIE = YES;
				MTL_ENABLE_DEBUG_INFO = YES;
				ONLY_ACTIVE_ARCH = YES;
				SDKROOT = iphoneos;
				TARGETED_DEVICE_FAMILY = "1,2";
			};
			name = Debug;
		};
		44B0A2181C568BD20064D364 /* Release */ = {
			isa = XCBuildConfiguration;
			buildSettings = {
				ALWAYS_SEARCH_USER_PATHS = YES;
				CLANG_ANALYZER_LOCALIZABILITY_NONLOCALIZED = YES;
				CLANG_CXX_LANGUAGE_STANDARD = "gnu++0x";
				CLANG_CXX_LIBRARY = "libc++";
				CLANG_ENABLE_MODULES = YES;
				CLANG_ENABLE_OBJC_ARC = YES;
				CLANG_WARN_BOOL_CONVERSION = YES;
				CLANG_WARN_CONSTANT_CONVERSION = YES;
				CLANG_WARN_DIRECT_OBJC_ISA_USAGE = YES_ERROR;
				CLANG_WARN_EMPTY_BODY = YES;
				CLANG_WARN_ENUM_CONVERSION = YES;
				CLANG_WARN_INFINITE_RECURSION = YES;
				CLANG_WARN_INT_CONVERSION = YES;
				CLANG_WARN_OBJC_ROOT_CLASS = YES_ERROR;
				CLANG_WARN_SUSPICIOUS_MOVE = YES;
				CLANG_WARN_UNREACHABLE_CODE = YES;
				CLANG_WARN__DUPLICATE_METHOD_MATCH = YES;
				"CODE_SIGN_IDENTITY[sdk=iphoneos*]" = "iPhone Developer";
				COPY_PHASE_STRIP = NO;
				DEBUG_INFORMATION_FORMAT = "dwarf-with-dsym";
				ENABLE_BITCODE = NO;
				ENABLE_NS_ASSERTIONS = NO;
				ENABLE_STRICT_OBJC_MSGSEND = YES;
				GCC_C_LANGUAGE_STANDARD = gnu99;
				GCC_DYNAMIC_NO_PIC = YES;
				GCC_NO_COMMON_BLOCKS = YES;
				GCC_WARN_64_TO_32_BIT_CONVERSION = YES;
				GCC_WARN_ABOUT_RETURN_TYPE = YES_ERROR;
				GCC_WARN_UNDECLARED_SELECTOR = YES;
				GCC_WARN_UNINITIALIZED_AUTOS = YES_AGGRESSIVE;
				GCC_WARN_UNUSED_FUNCTION = YES;
				GCC_WARN_UNUSED_VARIABLE = YES;
				HEADER_SEARCH_PATHS = "$(SDKROOT)/usr/include/libxml2";
				IPHONEOS_DEPLOYMENT_TARGET = 9.2;
				LD_NO_PIE = YES;
				MTL_ENABLE_DEBUG_INFO = NO;
				ONLY_ACTIVE_ARCH = YES;
				SDKROOT = iphoneos;
				TARGETED_DEVICE_FAMILY = "1,2";
				VALIDATE_PRODUCT = YES;
			};
			name = Release;
		};
		44B0A21A1C568BD20064D364 /* Debug */ = {
			isa = XCBuildConfiguration;
			buildSettings = {
				ASSETCATALOG_COMPILER_APPICON_NAME = AppIcon;
				CLANG_ALLOW_NON_MODULAR_INCLUDES_IN_FRAMEWORK_MODULES = YES;
				CLANG_ENABLE_MODULES = YES;
				"CODE_SIGN_IDENTITY[sdk=iphoneos*]" = "iPhone Developer";
				DEVELOPMENT_TEAM = Q6HLNEX92A;
				FRAMEWORK_SEARCH_PATHS = (
					"$(inherited)",
					"$(PROJECT_DIR)",
				);
				HEADER_SEARCH_PATHS = (
					"$(SDKROOT)/usr/include/libxml2",
					"$(SRCROOT)/**",
				);
				INFOPLIST_FILE = "Psiphon-Browser/Info.plist";
				IPHONEOS_DEPLOYMENT_TARGET = 9.2;
				LD_RUNPATH_SEARCH_PATHS = "$(inherited) @executable_path/Frameworks";
				LIBRARY_SEARCH_PATHS = "$(PROJECT_DIR)";
				PRODUCT_BUNDLE_IDENTIFIER = com.psiphon.browser;
				PRODUCT_NAME = "$(TARGET_NAME)";
				STRIP_BITCODE_FROM_COPIED_FILES = NO;
				SWIFT_OBJC_BRIDGING_HEADER = "Psiphon-Browser/Psiphon-Browser-Bridging-Header.h";
				SWIFT_OPTIMIZATION_LEVEL = "-Onone";
				SWIFT_VERSION = 3.0;
			};
			name = Debug;
		};
		44B0A21B1C568BD20064D364 /* Release */ = {
			isa = XCBuildConfiguration;
			buildSettings = {
				ASSETCATALOG_COMPILER_APPICON_NAME = AppIcon;
				CLANG_ALLOW_NON_MODULAR_INCLUDES_IN_FRAMEWORK_MODULES = YES;
				CLANG_ENABLE_MODULES = YES;
				"CODE_SIGN_IDENTITY[sdk=iphoneos*]" = "iPhone Developer";
				DEVELOPMENT_TEAM = Q6HLNEX92A;
				FRAMEWORK_SEARCH_PATHS = (
					"$(inherited)",
					"$(PROJECT_DIR)",
				);
				HEADER_SEARCH_PATHS = (
					"$(SDKROOT)/usr/include/libxml2",
					"$(SRCROOT)/**",
				);
				INFOPLIST_FILE = "Psiphon-Browser/Info.plist";
				IPHONEOS_DEPLOYMENT_TARGET = 9.2;
				LD_RUNPATH_SEARCH_PATHS = "$(inherited) @executable_path/Frameworks";
				LIBRARY_SEARCH_PATHS = "$(PROJECT_DIR)";
				PRODUCT_BUNDLE_IDENTIFIER = com.psiphon.browser;
				PRODUCT_NAME = "$(TARGET_NAME)";
				STRIP_BITCODE_FROM_COPIED_FILES = NO;
				SWIFT_OBJC_BRIDGING_HEADER = "Psiphon-Browser/Psiphon-Browser-Bridging-Header.h";
				SWIFT_OPTIMIZATION_LEVEL = "-Owholemodule";
				SWIFT_VERSION = 3.0;
			};
			name = Release;
		};
/* End XCBuildConfiguration section */

/* Begin XCConfigurationList section */
		44B0A1FA1C568BD20064D364 /* Build configuration list for PBXProject "Psiphon-Browser" */ = {
			isa = XCConfigurationList;
			buildConfigurations = (
				44B0A2171C568BD20064D364 /* Debug */,
				44B0A2181C568BD20064D364 /* Release */,
			);
			defaultConfigurationIsVisible = 0;
			defaultConfigurationName = Release;
		};
		44B0A2191C568BD20064D364 /* Build configuration list for PBXNativeTarget "Psiphon-Browser" */ = {
			isa = XCConfigurationList;
			buildConfigurations = (
				44B0A21A1C568BD20064D364 /* Debug */,
				44B0A21B1C568BD20064D364 /* Release */,
			);
			defaultConfigurationIsVisible = 0;
			defaultConfigurationName = Release;
		};
/* End XCConfigurationList section */

/* Begin XCVersionGroup section */
		449BE2681C57D84F006FDC28 /* BrowserModel.xcdatamodeld */ = {
			isa = XCVersionGroup;
			children = (
				449BE2691C57D84F006FDC28 /* BrowserModel.xcdatamodel */,
			);
			currentVersion = 449BE2691C57D84F006FDC28 /* BrowserModel.xcdatamodel */;
			path = BrowserModel.xcdatamodeld;
			sourceTree = "<group>";
			versionGroupType = wrapper.xcdatamodel;
		};
		44B0A20E1C568BD20064D364 /* Psiphon_Browser.xcdatamodeld */ = {
			isa = XCVersionGroup;
			children = (
				44B0A20F1C568BD20064D364 /* Psiphon_Browser.xcdatamodel */,
			);
			currentVersion = 44B0A20F1C568BD20064D364 /* Psiphon_Browser.xcdatamodel */;
			path = Psiphon_Browser.xcdatamodeld;
			sourceTree = "<group>";
			versionGroupType = wrapper.xcdatamodel;
		};
/* End XCVersionGroup section */
	};
	rootObject = 44B0A1F71C568BD20064D364 /* Project object */;
}
